
Microsoft Visual Studio Solution File, Format Version 12.00
# Visual Studio 15
VisualStudioVersion = 15.0.27004.2002
MinimumVisualStudioVersion = 10.0.40219.1
Project("{FAE04EC0-301F-11D3-BF4B-00C04F79EFBC}") = "Commons", "Commons\Commons.csproj", "{EA56A9E2-E061-48EA-A7BD-35AC49B2AE8E}"
EndProject
Project("{FAE04EC0-301F-11D3-BF4B-00C04F79EFBC}") = "CommonsTest", "CommonsTest\CommonsTest.csproj", "{96866221-D6D9-4017-A586-F50D134FE416}"
EndProject
Global
	GlobalSection(SolutionConfigurationPlatforms) = preSolution
		Debug|Any CPU = Debug|Any CPU
		Release|Any CPU = Release|Any CPU
	EndGlobalSection
	GlobalSection(ProjectConfigurationPlatforms) = postSolution
		{EA56A9E2-E061-48EA-A7BD-35AC49B2AE8E}.Debug|Any CPU.ActiveCfg = Debug|Any CPU
		{EA56A9E2-E061-48EA-A7BD-35AC49B2AE8E}.Debug|Any CPU.Build.0 = Debug|Any CPU
		{EA56A9E2-E061-48EA-A7BD-35AC49B2AE8E}.Release|Any CPU.ActiveCfg = Release|Any CPU
		{EA56A9E2-E061-48EA-A7BD-35AC49B2AE8E}.Release|Any CPU.Build.0 = Release|Any CPU
		{96866221-D6D9-4017-A586-F50D134FE416}.Debug|Any CPU.ActiveCfg = Debug|Any CPU
		{96866221-D6D9-4017-A586-F50D134FE416}.Debug|Any CPU.Build.0 = Debug|Any CPU
		{96866221-D6D9-4017-A586-F50D134FE416}.Release|Any CPU.ActiveCfg = Release|Any CPU
		{96866221-D6D9-4017-A586-F50D134FE416}.Release|Any CPU.Build.0 = Release|Any CPU
	EndGlobalSection
	GlobalSection(SolutionProperties) = preSolution
		HideSolutionNode = FALSE
	EndGlobalSection
	GlobalSection(ExtensibilityGlobals) = postSolution
		SolutionGuid = {1103D0FC-FB1E-4F98-B77C-DAF7621AAEDF}
	EndGlobalSection
EndGlobal
